
Microsoft Visual Studio Solution File, Format Version 12.00
# Visual Studio 2017
Project("{FAE04EC0-301F-11D3-BF4B-00C04F79EFBC}") = "Konami Code", "Konami Code.csproj", "{2718C46F-A727-8DF1-CA95-01610E3A3EF4}"
EndProject
Global
	GlobalSection(SolutionConfigurationPlatforms) = preSolution
		Debug|Any CPU = Debug|Any CPU
		Release|Any CPU = Release|Any CPU
	EndGlobalSection
	GlobalSection(ProjectConfigurationPlatforms) = postSolution
		{2718C46F-A727-8DF1-CA95-01610E3A3EF4}.Debug|Any CPU.ActiveCfg = Debug|Any CPU
		{2718C46F-A727-8DF1-CA95-01610E3A3EF4}.Debug|Any CPU.Build.0 = Debug|Any CPU
		{2718C46F-A727-8DF1-CA95-01610E3A3EF4}.Release|Any CPU.ActiveCfg = Release|Any CPU
		{2718C46F-A727-8DF1-CA95-01610E3A3EF4}.Release|Any CPU.Build.0 = Release|Any CPU
	EndGlobalSection
	GlobalSection(SolutionProperties) = preSolution
		HideSolutionNode = FALSE
	EndGlobalSection
EndGlobal
