
Microsoft Visual Studio Solution File, Format Version 12.00
# Visual Studio 2017
Project("{FAE04EC0-301F-11D3-BF4B-00C04F79EFBC}") = "Riff_On_Shiff", "Riff_On_Shiff.csproj", "{EEC4B0E2-BFBB-5CC0-8484-93D51E5EBDBF}"
EndProject
Global
	GlobalSection(SolutionConfigurationPlatforms) = preSolution
		Debug|Any CPU = Debug|Any CPU
		Release|Any CPU = Release|Any CPU
	EndGlobalSection
	GlobalSection(ProjectConfigurationPlatforms) = postSolution
		{EEC4B0E2-BFBB-5CC0-8484-93D51E5EBDBF}.Debug|Any CPU.ActiveCfg = Debug|Any CPU
		{EEC4B0E2-BFBB-5CC0-8484-93D51E5EBDBF}.Debug|Any CPU.Build.0 = Debug|Any CPU
		{EEC4B0E2-BFBB-5CC0-8484-93D51E5EBDBF}.Release|Any CPU.ActiveCfg = Release|Any CPU
		{EEC4B0E2-BFBB-5CC0-8484-93D51E5EBDBF}.Release|Any CPU.Build.0 = Release|Any CPU
	EndGlobalSection
	GlobalSection(SolutionProperties) = preSolution
		HideSolutionNode = FALSE
	EndGlobalSection
EndGlobal
